// !$*UTF8*$!
{
	archiveVersion = 1;
	classes = {
	};
	objectVersion = 42;
	objects = {

/* Begin PBXBuildFile section */
		AF6E492C15B2F28400D281DB /* ofxOscBundle.cpp in Sources */ = {isa = PBXBuildFile; fileRef = AF6E48FE15B2F28400D281DB /* ofxOscBundle.cpp */; };
		AF6E492D15B2F28400D281DB /* ofxOscMessage.cpp in Sources */ = {isa = PBXBuildFile; fileRef = AF6E490015B2F28400D281DB /* ofxOscMessage.cpp */; };
		AF6E492E15B2F28400D281DB /* ofxOscReceiver.cpp in Sources */ = {isa = PBXBuildFile; fileRef = AF6E490215B2F28400D281DB /* ofxOscReceiver.cpp */; };
		AF6E492F15B2F28400D281DB /* ofxOscSender.cpp in Sources */ = {isa = PBXBuildFile; fileRef = AF6E490415B2F28400D281DB /* ofxOscSender.cpp */; };
		AF6E493015B2F28400D281DB /* IpEndpointName.cpp in Sources */ = {isa = PBXBuildFile; fileRef = AF6E490715B2F28400D281DB /* IpEndpointName.cpp */; };
		AF6E493115B2F28400D281DB /* NetworkingUtils.cpp in Sources */ = {isa = PBXBuildFile; fileRef = AF6E490B15B2F28400D281DB /* NetworkingUtils.cpp */; };
		AF6E493215B2F28400D281DB /* UdpSocket.cpp in Sources */ = {isa = PBXBuildFile; fileRef = AF6E490C15B2F28400D281DB /* UdpSocket.cpp */; };
		AF6E493315B2F28400D281DB /* NetworkingUtilsWin.cpp in Sources */ = {isa = PBXBuildFile; fileRef = AF6E491015B2F28400D281DB /* NetworkingUtilsWin.cpp */; };
		AF6E493415B2F28400D281DB /* UdpSocketWin.cpp in Sources */ = {isa = PBXBuildFile; fileRef = AF6E491115B2F28400D281DB /* UdpSocketWin.cpp */; };
		AF6E493515B2F28400D281DB /* OscOutboundPacketStream.cpp in Sources */ = {isa = PBXBuildFile; fileRef = AF6E491715B2F28400D281DB /* OscOutboundPacketStream.cpp */; };
		AF6E493615B2F28400D281DB /* OscPrintReceivedElements.cpp in Sources */ = {isa = PBXBuildFile; fileRef = AF6E491A15B2F28400D281DB /* OscPrintReceivedElements.cpp */; };
		AF6E493715B2F28400D281DB /* OscReceivedElements.cpp in Sources */ = {isa = PBXBuildFile; fileRef = AF6E491C15B2F28400D281DB /* OscReceivedElements.cpp */; };
		AF6E493815B2F28400D281DB /* OscTypes.cpp in Sources */ = {isa = PBXBuildFile; fileRef = AF6E491E15B2F28400D281DB /* OscTypes.cpp */; };
		AF6E4B0715B2FA6000D281DB /* main.cpp in Sources */ = {isa = PBXBuildFile; fileRef = AF6E4AF515B2FA6000D281DB /* main.cpp */; };
		AF6E4B0815B2FA6000D281DB /* MultitouchPadOscApp.cpp in Sources */ = {isa = PBXBuildFile; fileRef = AF6E4AF715B2FA6000D281DB /* MultitouchPadOscApp.cpp */; };
		AF6E4B0915B2FA6000D281DB /* ofxMultiTouchPad.cpp in Sources */ = {isa = PBXBuildFile; fileRef = AF6E4AF915B2FA6000D281DB /* ofxMultiTouchPad.cpp */; };
		AF6E4B1B15B2FAD700D281DB /* ofxXmlSettings.cpp in Sources */ = {isa = PBXBuildFile; fileRef = AF6E4B1915B2FAD700D281DB /* ofxXmlSettings.cpp */; };
		AF6E4B2015B2FAE200D281DB /* tinyxml.cpp in Sources */ = {isa = PBXBuildFile; fileRef = AF6E4B1C15B2FAE200D281DB /* tinyxml.cpp */; };
		AF6E4B2115B2FAE200D281DB /* tinyxmlerror.cpp in Sources */ = {isa = PBXBuildFile; fileRef = AF6E4B1E15B2FAE200D281DB /* tinyxmlerror.cpp */; };
		AF6E4B2215B2FAE200D281DB /* tinyxmlparser.cpp in Sources */ = {isa = PBXBuildFile; fileRef = AF6E4B1F15B2FAE200D281DB /* tinyxmlparser.cpp */; };
		AF6E4B2815B2FC8A00D281DB /* MultitouchSupport.framework in Frameworks */ = {isa = PBXBuildFile; fileRef = AF6E4B2715B2FC8A00D281DB /* MultitouchSupport.framework */; };
		AF6E4B8215B2FEDE00D281DB /* THIRDPARTYLICENSEREADME.txt in Copy Files Resources */ = {isa = PBXBuildFile; fileRef = AF6E4B7C15B2FE1C00D281DB /* THIRDPARTYLICENSEREADME.txt */; };
		AF6E4BB015B300D300D281DB /* ofxXmlDefaultSettings.cpp in Sources */ = {isa = PBXBuildFile; fileRef = AF6E4BAE15B300D300D281DB /* ofxXmlDefaultSettings.cpp */; };
		AF6E4C6215B3120C00D281DB /* Credits.rtf in Copy Files Resources */ = {isa = PBXBuildFile; fileRef = AF6E4C6115B311FE00D281DB /* Credits.rtf */; };
		AF6E4D9B15B42AF000D281DB /* Vera.ttf in Copy Files Font */ = {isa = PBXBuildFile; fileRef = AF6E4D9915B42AC000D281DB /* Vera.ttf */; };
		AF6E4DB715B42CEA00D281DB /* MultitouchPadOsc.icns in Copy Files Resources */ = {isa = PBXBuildFile; fileRef = AF6E4DB615B42CE400D281DB /* MultitouchPadOsc.icns */; };
		AF6E4E6415B448D400D281DB /* console_off.png in Copy Files GUI */ = {isa = PBXBuildFile; fileRef = AF6E4E5D15B448CD00D281DB /* console_off.png */; };
		AF6E4E6515B448D400D281DB /* console_on.png in Copy Files GUI */ = {isa = PBXBuildFile; fileRef = AF6E4E5E15B448CD00D281DB /* console_on.png */; };
		AF6E4E6615B448D400D281DB /* oscactive_off.png in Copy Files GUI */ = {isa = PBXBuildFile; fileRef = AF6E4E5F15B448CD00D281DB /* oscactive_off.png */; };
		AF6E4E6715B448D400D281DB /* oscactive_on.png in Copy Files GUI */ = {isa = PBXBuildFile; fileRef = AF6E4E6015B448CD00D281DB /* oscactive_on.png */; };
		AF6E4E6815B448D400D281DB /* oscactive_send.png in Copy Files GUI */ = {isa = PBXBuildFile; fileRef = AF6E4E6115B448CD00D281DB /* oscactive_send.png */; };
		AF6E4E6915B448D400D281DB /* settings_off.png in Copy Files GUI */ = {isa = PBXBuildFile; fileRef = AF6E4E6215B448CD00D281DB /* settings_off.png */; };
		AF6E4E6A15B448D400D281DB /* settings_on.png in Copy Files GUI */ = {isa = PBXBuildFile; fileRef = AF6E4E6315B448CD00D281DB /* settings_on.png */; };
		BBAB23CB13894F3D00AA2426 /* GLUT.framework in Copy Files Frameworks */ = {isa = PBXBuildFile; fileRef = BBAB23BE13894E4700AA2426 /* GLUT.framework */; };
		E4328149138ABC9F0047C5CB /* openFrameworksDebug.a in Frameworks */ = {isa = PBXBuildFile; fileRef = E4328148138ABC890047C5CB /* openFrameworksDebug.a */; };
		E45BE97B0E8CC7DD009D7055 /* AGL.framework in Frameworks */ = {isa = PBXBuildFile; fileRef = E45BE9710E8CC7DD009D7055 /* AGL.framework */; };
		E45BE97C0E8CC7DD009D7055 /* ApplicationServices.framework in Frameworks */ = {isa = PBXBuildFile; fileRef = E45BE9720E8CC7DD009D7055 /* ApplicationServices.framework */; };
		E45BE97D0E8CC7DD009D7055 /* AudioToolbox.framework in Frameworks */ = {isa = PBXBuildFile; fileRef = E45BE9730E8CC7DD009D7055 /* AudioToolbox.framework */; };
		E45BE97E0E8CC7DD009D7055 /* Carbon.framework in Frameworks */ = {isa = PBXBuildFile; fileRef = E45BE9740E8CC7DD009D7055 /* Carbon.framework */; };
		E45BE97F0E8CC7DD009D7055 /* CoreAudio.framework in Frameworks */ = {isa = PBXBuildFile; fileRef = E45BE9750E8CC7DD009D7055 /* CoreAudio.framework */; };
		E45BE9800E8CC7DD009D7055 /* CoreFoundation.framework in Frameworks */ = {isa = PBXBuildFile; fileRef = E45BE9760E8CC7DD009D7055 /* CoreFoundation.framework */; };
		E45BE9810E8CC7DD009D7055 /* CoreServices.framework in Frameworks */ = {isa = PBXBuildFile; fileRef = E45BE9770E8CC7DD009D7055 /* CoreServices.framework */; };
		E45BE9830E8CC7DD009D7055 /* OpenGL.framework in Frameworks */ = {isa = PBXBuildFile; fileRef = E45BE9790E8CC7DD009D7055 /* OpenGL.framework */; };
		E45BE9840E8CC7DD009D7055 /* QuickTime.framework in Frameworks */ = {isa = PBXBuildFile; fileRef = E45BE97A0E8CC7DD009D7055 /* QuickTime.framework */; };
		E4C2424710CC5A17004149E2 /* AppKit.framework in Frameworks */ = {isa = PBXBuildFile; fileRef = E4C2424410CC5A17004149E2 /* AppKit.framework */; };
		E4C2424810CC5A17004149E2 /* Cocoa.framework in Frameworks */ = {isa = PBXBuildFile; fileRef = E4C2424510CC5A17004149E2 /* Cocoa.framework */; };
		E4C2424910CC5A17004149E2 /* IOKit.framework in Frameworks */ = {isa = PBXBuildFile; fileRef = E4C2424610CC5A17004149E2 /* IOKit.framework */; };
		E4EB6799138ADC1D00A09F29 /* GLUT.framework in Frameworks */ = {isa = PBXBuildFile; fileRef = BBAB23BE13894E4700AA2426 /* GLUT.framework */; };
/* End PBXBuildFile section */

/* Begin PBXContainerItemProxy section */
		E4328147138ABC890047C5CB /* PBXContainerItemProxy */ = {
			isa = PBXContainerItemProxy;
			containerPortal = E4328143138ABC890047C5CB /* openFrameworksLib.xcodeproj */;
			proxyType = 2;
			remoteGlobalIDString = E4B27C1510CBEB8E00536013;
			remoteInfo = openFrameworks;
		};
		E4EEB9AB138B136A00A80321 /* PBXContainerItemProxy */ = {
			isa = PBXContainerItemProxy;
			containerPortal = E4328143138ABC890047C5CB /* openFrameworksLib.xcodeproj */;
			proxyType = 1;
			remoteGlobalIDString = E4B27C1410CBEB8E00536013;
			remoteInfo = openFrameworks;
		};
/* End PBXContainerItemProxy section */

/* Begin PBXCopyFilesBuildPhase section */
		AF6E4B7615B2FE0A00D281DB /* Copy Files Resources */ = {
			isa = PBXCopyFilesBuildPhase;
			buildActionMask = 2147483647;
			dstPath = "";
			dstSubfolderSpec = 7;
			files = (
				AF6E4DB715B42CEA00D281DB /* MultitouchPadOsc.icns in Copy Files Resources */,
				AF6E4C6215B3120C00D281DB /* Credits.rtf in Copy Files Resources */,
				AF6E4B8215B2FEDE00D281DB /* THIRDPARTYLICENSEREADME.txt in Copy Files Resources */,
			);
			name = "Copy Files Resources";
			runOnlyForDeploymentPostprocessing = 0;
		};
		AF6E4C3715B30D1000D281DB /* Copy Files GUI */ = {
			isa = PBXCopyFilesBuildPhase;
			buildActionMask = 2147483647;
			dstPath = gui;
			dstSubfolderSpec = 6;
			files = (
				AF6E4E6415B448D400D281DB /* console_off.png in Copy Files GUI */,
				AF6E4E6515B448D400D281DB /* console_on.png in Copy Files GUI */,
				AF6E4E6615B448D400D281DB /* oscactive_off.png in Copy Files GUI */,
				AF6E4E6715B448D400D281DB /* oscactive_on.png in Copy Files GUI */,
				AF6E4E6815B448D400D281DB /* oscactive_send.png in Copy Files GUI */,
				AF6E4E6915B448D400D281DB /* settings_off.png in Copy Files GUI */,
				AF6E4E6A15B448D400D281DB /* settings_on.png in Copy Files GUI */,
			);
			name = "Copy Files GUI";
			runOnlyForDeploymentPostprocessing = 0;
		};
		AF6E4D9F15B42B0200D281DB /* Copy Files Font */ = {
			isa = PBXCopyFilesBuildPhase;
			buildActionMask = 2147483647;
			dstPath = Font;
			dstSubfolderSpec = 6;
			files = (
				AF6E4D9B15B42AF000D281DB /* Vera.ttf in Copy Files Font */,
			);
			name = "Copy Files Font";
			runOnlyForDeploymentPostprocessing = 0;
		};
		E4C2427710CC5ABF004149E2 /* Copy Files Frameworks */ = {
			isa = PBXCopyFilesBuildPhase;
			buildActionMask = 2147483647;
			dstPath = "";
			dstSubfolderSpec = 10;
			files = (
				BBAB23CB13894F3D00AA2426 /* GLUT.framework in Copy Files Frameworks */,
			);
			name = "Copy Files Frameworks";
			runOnlyForDeploymentPostprocessing = 0;
		};
/* End PBXCopyFilesBuildPhase section */

/* Begin PBXFileReference section */
		AF6E48FC15B2F28400D281DB /* ofxOsc.h */ = {isa = PBXFileReference; explicitFileType = sourcecode.c.h; fileEncoding = 30; name = ofxOsc.h; path = ../../../addons/ofxOsc/src/ofxOsc.h; sourceTree = SOURCE_ROOT; };
		AF6E48FD15B2F28400D281DB /* ofxOscArg.h */ = {isa = PBXFileReference; explicitFileType = sourcecode.c.h; fileEncoding = 30; name = ofxOscArg.h; path = ../../../addons/ofxOsc/src/ofxOscArg.h; sourceTree = SOURCE_ROOT; };
		AF6E48FE15B2F28400D281DB /* ofxOscBundle.cpp */ = {isa = PBXFileReference; explicitFileType = sourcecode.cpp.cpp; fileEncoding = 30; name = ofxOscBundle.cpp; path = ../../../addons/ofxOsc/src/ofxOscBundle.cpp; sourceTree = SOURCE_ROOT; };
		AF6E48FF15B2F28400D281DB /* ofxOscBundle.h */ = {isa = PBXFileReference; explicitFileType = sourcecode.c.h; fileEncoding = 30; name = ofxOscBundle.h; path = ../../../addons/ofxOsc/src/ofxOscBundle.h; sourceTree = SOURCE_ROOT; };
		AF6E490015B2F28400D281DB /* ofxOscMessage.cpp */ = {isa = PBXFileReference; explicitFileType = sourcecode.cpp.cpp; fileEncoding = 30; name = ofxOscMessage.cpp; path = ../../../addons/ofxOsc/src/ofxOscMessage.cpp; sourceTree = SOURCE_ROOT; };
		AF6E490115B2F28400D281DB /* ofxOscMessage.h */ = {isa = PBXFileReference; explicitFileType = sourcecode.c.h; fileEncoding = 30; name = ofxOscMessage.h; path = ../../../addons/ofxOsc/src/ofxOscMessage.h; sourceTree = SOURCE_ROOT; };
		AF6E490215B2F28400D281DB /* ofxOscReceiver.cpp */ = {isa = PBXFileReference; explicitFileType = sourcecode.cpp.cpp; fileEncoding = 30; name = ofxOscReceiver.cpp; path = ../../../addons/ofxOsc/src/ofxOscReceiver.cpp; sourceTree = SOURCE_ROOT; };
		AF6E490315B2F28400D281DB /* ofxOscReceiver.h */ = {isa = PBXFileReference; explicitFileType = sourcecode.c.h; fileEncoding = 30; name = ofxOscReceiver.h; path = ../../../addons/ofxOsc/src/ofxOscReceiver.h; sourceTree = SOURCE_ROOT; };
		AF6E490415B2F28400D281DB /* ofxOscSender.cpp */ = {isa = PBXFileReference; explicitFileType = sourcecode.cpp.cpp; fileEncoding = 30; name = ofxOscSender.cpp; path = ../../../addons/ofxOsc/src/ofxOscSender.cpp; sourceTree = SOURCE_ROOT; };
		AF6E490515B2F28400D281DB /* ofxOscSender.h */ = {isa = PBXFileReference; explicitFileType = sourcecode.c.h; fileEncoding = 30; name = ofxOscSender.h; path = ../../../addons/ofxOsc/src/ofxOscSender.h; sourceTree = SOURCE_ROOT; };
		AF6E490715B2F28400D281DB /* IpEndpointName.cpp */ = {isa = PBXFileReference; explicitFileType = sourcecode.cpp.cpp; fileEncoding = 30; name = IpEndpointName.cpp; path = ../../../addons/ofxOsc/libs/oscpack/src/ip/IpEndpointName.cpp; sourceTree = SOURCE_ROOT; };
		AF6E490815B2F28400D281DB /* IpEndpointName.h */ = {isa = PBXFileReference; explicitFileType = sourcecode.c.h; fileEncoding = 30; name = IpEndpointName.h; path = ../../../addons/ofxOsc/libs/oscpack/src/ip/IpEndpointName.h; sourceTree = SOURCE_ROOT; };
		AF6E490915B2F28400D281DB /* NetworkingUtils.h */ = {isa = PBXFileReference; explicitFileType = sourcecode.c.h; fileEncoding = 30; name = NetworkingUtils.h; path = ../../../addons/ofxOsc/libs/oscpack/src/ip/NetworkingUtils.h; sourceTree = SOURCE_ROOT; };
		AF6E490A15B2F28400D281DB /* PacketListener.h */ = {isa = PBXFileReference; explicitFileType = sourcecode.c.h; fileEncoding = 30; name = PacketListener.h; path = ../../../addons/ofxOsc/libs/oscpack/src/ip/PacketListener.h; sourceTree = SOURCE_ROOT; };
		AF6E490B15B2F28400D281DB /* NetworkingUtils.cpp */ = {isa = PBXFileReference; explicitFileType = sourcecode.cpp.cpp; fileEncoding = 30; name = NetworkingUtils.cpp; path = ../../../addons/ofxOsc/libs/oscpack/src/ip/posix/NetworkingUtils.cpp; sourceTree = SOURCE_ROOT; };
		AF6E490C15B2F28400D281DB /* UdpSocket.cpp */ = {isa = PBXFileReference; explicitFileType = sourcecode.cpp.cpp; fileEncoding = 30; name = UdpSocket.cpp; path = ../../../addons/ofxOsc/libs/oscpack/src/ip/posix/UdpSocket.cpp; sourceTree = SOURCE_ROOT; };
		AF6E490E15B2F28400D281DB /* TimerListener.h */ = {isa = PBXFileReference; explicitFileType = sourcecode.c.h; fileEncoding = 30; name = TimerListener.h; path = ../../../addons/ofxOsc/libs/oscpack/src/ip/TimerListener.h; sourceTree = SOURCE_ROOT; };
		AF6E490F15B2F28400D281DB /* UdpSocket.h */ = {isa = PBXFileReference; explicitFileType = sourcecode.c.h; fileEncoding = 30; name = UdpSocket.h; path = ../../../addons/ofxOsc/libs/oscpack/src/ip/UdpSocket.h; sourceTree = SOURCE_ROOT; };
		AF6E491015B2F28400D281DB /* NetworkingUtilsWin.cpp */ = {isa = PBXFileReference; explicitFileType = sourcecode.cpp.cpp; fileEncoding = 30; name = NetworkingUtilsWin.cpp; path = ../../../addons/ofxOsc/libs/oscpack/src/ip/win32/NetworkingUtilsWin.cpp; sourceTree = SOURCE_ROOT; };
		AF6E491115B2F28400D281DB /* UdpSocketWin.cpp */ = {isa = PBXFileReference; explicitFileType = sourcecode.cpp.cpp; fileEncoding = 30; name = UdpSocketWin.cpp; path = ../../../addons/ofxOsc/libs/oscpack/src/ip/win32/UdpSocketWin.cpp; sourceTree = SOURCE_ROOT; };
		AF6E491415B2F28400D281DB /* MessageMappingOscPacketListener.h */ = {isa = PBXFileReference; explicitFileType = sourcecode.c.h; fileEncoding = 30; name = MessageMappingOscPacketListener.h; path = ../../../addons/ofxOsc/libs/oscpack/src/osc/MessageMappingOscPacketListener.h; sourceTree = SOURCE_ROOT; };
		AF6E491515B2F28400D281DB /* OscException.h */ = {isa = PBXFileReference; explicitFileType = sourcecode.c.h; fileEncoding = 30; name = OscException.h; path = ../../../addons/ofxOsc/libs/oscpack/src/osc/OscException.h; sourceTree = SOURCE_ROOT; };
		AF6E491615B2F28400D281DB /* OscHostEndianness.h */ = {isa = PBXFileReference; explicitFileType = sourcecode.c.h; fileEncoding = 30; name = OscHostEndianness.h; path = ../../../addons/ofxOsc/libs/oscpack/src/osc/OscHostEndianness.h; sourceTree = SOURCE_ROOT; };
		AF6E491715B2F28400D281DB /* OscOutboundPacketStream.cpp */ = {isa = PBXFileReference; explicitFileType = sourcecode.cpp.cpp; fileEncoding = 30; name = OscOutboundPacketStream.cpp; path = ../../../addons/ofxOsc/libs/oscpack/src/osc/OscOutboundPacketStream.cpp; sourceTree = SOURCE_ROOT; };
		AF6E491815B2F28400D281DB /* OscOutboundPacketStream.h */ = {isa = PBXFileReference; explicitFileType = sourcecode.c.h; fileEncoding = 30; name = OscOutboundPacketStream.h; path = ../../../addons/ofxOsc/libs/oscpack/src/osc/OscOutboundPacketStream.h; sourceTree = SOURCE_ROOT; };
		AF6E491915B2F28400D281DB /* OscPacketListener.h */ = {isa = PBXFileReference; explicitFileType = sourcecode.c.h; fileEncoding = 30; name = OscPacketListener.h; path = ../../../addons/ofxOsc/libs/oscpack/src/osc/OscPacketListener.h; sourceTree = SOURCE_ROOT; };
		AF6E491A15B2F28400D281DB /* OscPrintReceivedElements.cpp */ = {isa = PBXFileReference; explicitFileType = sourcecode.cpp.cpp; fileEncoding = 30; name = OscPrintReceivedElements.cpp; path = ../../../addons/ofxOsc/libs/oscpack/src/osc/OscPrintReceivedElements.cpp; sourceTree = SOURCE_ROOT; };
		AF6E491B15B2F28400D281DB /* OscPrintReceivedElements.h */ = {isa = PBXFileReference; explicitFileType = sourcecode.c.h; fileEncoding = 30; name = OscPrintReceivedElements.h; path = ../../../addons/ofxOsc/libs/oscpack/src/osc/OscPrintReceivedElements.h; sourceTree = SOURCE_ROOT; };
		AF6E491C15B2F28400D281DB /* OscReceivedElements.cpp */ = {isa = PBXFileReference; explicitFileType = sourcecode.cpp.cpp; fileEncoding = 30; name = OscReceivedElements.cpp; path = ../../../addons/ofxOsc/libs/oscpack/src/osc/OscReceivedElements.cpp; sourceTree = SOURCE_ROOT; };
		AF6E491D15B2F28400D281DB /* OscReceivedElements.h */ = {isa = PBXFileReference; explicitFileType = sourcecode.c.h; fileEncoding = 30; name = OscReceivedElements.h; path = ../../../addons/ofxOsc/libs/oscpack/src/osc/OscReceivedElements.h; sourceTree = SOURCE_ROOT; };
		AF6E491E15B2F28400D281DB /* OscTypes.cpp */ = {isa = PBXFileReference; explicitFileType = sourcecode.cpp.cpp; fileEncoding = 30; name = OscTypes.cpp; path = ../../../addons/ofxOsc/libs/oscpack/src/osc/OscTypes.cpp; sourceTree = SOURCE_ROOT; };
		AF6E491F15B2F28400D281DB /* OscTypes.h */ = {isa = PBXFileReference; explicitFileType = sourcecode.c.h; fileEncoding = 30; name = OscTypes.h; path = ../../../addons/ofxOsc/libs/oscpack/src/osc/OscTypes.h; sourceTree = SOURCE_ROOT; };
		AF6E4AF515B2FA6000D281DB /* main.cpp */ = {isa = PBXFileReference; explicitFileType = sourcecode.cpp.objcpp; fileEncoding = 4; path = main.cpp; sourceTree = "<group>"; };
		AF6E4AF615B2FA6000D281DB /* MTTypes.h */ = {isa = PBXFileReference; fileEncoding = 4; lastKnownFileType = sourcecode.c.h; path = MTTypes.h; sourceTree = "<group>"; };
		AF6E4AF715B2FA6000D281DB /* MultitouchPadOscApp.cpp */ = {isa = PBXFileReference; fileEncoding = 4; lastKnownFileType = sourcecode.cpp.cpp; path = MultitouchPadOscApp.cpp; sourceTree = "<group>"; };
		AF6E4AF815B2FA6000D281DB /* MultitouchPadOscApp.h */ = {isa = PBXFileReference; fileEncoding = 4; lastKnownFileType = sourcecode.c.h; path = MultitouchPadOscApp.h; sourceTree = "<group>"; };
		AF6E4AF915B2FA6000D281DB /* ofxMultiTouchPad.cpp */ = {isa = PBXFileReference; fileEncoding = 4; lastKnownFileType = sourcecode.cpp.cpp; path = ofxMultiTouchPad.cpp; sourceTree = "<group>"; };
		AF6E4AFA15B2FA6000D281DB /* ofxMultiTouchPad.h */ = {isa = PBXFileReference; fileEncoding = 4; lastKnownFileType = sourcecode.c.h; path = ofxMultiTouchPad.h; sourceTree = "<group>"; };
		AF6E4B0015B2FA6000D281DB /* TextConsole.h */ = {isa = PBXFileReference; fileEncoding = 4; lastKnownFileType = sourcecode.c.h; path = TextConsole.h; sourceTree = "<group>"; };
		AF6E4B0215B2FA6000D281DB /* wCheckbox.h */ = {isa = PBXFileReference; fileEncoding = 4; lastKnownFileType = sourcecode.c.h; path = wCheckbox.h; sourceTree = "<group>"; };
		AF6E4B0415B2FA6000D281DB /* wImageButton.h */ = {isa = PBXFileReference; fileEncoding = 4; lastKnownFileType = sourcecode.c.h; path = wImageButton.h; sourceTree = "<group>"; };
		AF6E4B0615B2FA6000D281DB /* wInteraction.h */ = {isa = PBXFileReference; fileEncoding = 4; lastKnownFileType = sourcecode.c.h; path = wInteraction.h; sourceTree = "<group>"; };
		AF6E4B1915B2FAD700D281DB /* ofxXmlSettings.cpp */ = {isa = PBXFileReference; fileEncoding = 4; lastKnownFileType = sourcecode.cpp.cpp; name = ofxXmlSettings.cpp; path = ../../../addons/ofxXmlSettings/src/ofxXmlSettings.cpp; sourceTree = SOURCE_ROOT; };
		AF6E4B1A15B2FAD700D281DB /* ofxXmlSettings.h */ = {isa = PBXFileReference; fileEncoding = 4; lastKnownFileType = sourcecode.c.h; name = ofxXmlSettings.h; path = ../../../addons/ofxXmlSettings/src/ofxXmlSettings.h; sourceTree = SOURCE_ROOT; };
		AF6E4B1C15B2FAE200D281DB /* tinyxml.cpp */ = {isa = PBXFileReference; fileEncoding = 4; lastKnownFileType = sourcecode.cpp.cpp; name = tinyxml.cpp; path = ../../../addons/ofxXmlSettings/libs/tinyxml.cpp; sourceTree = SOURCE_ROOT; };
		AF6E4B1D15B2FAE200D281DB /* tinyxml.h */ = {isa = PBXFileReference; fileEncoding = 4; lastKnownFileType = sourcecode.c.h; name = tinyxml.h; path = ../../../addons/ofxXmlSettings/libs/tinyxml.h; sourceTree = SOURCE_ROOT; };
		AF6E4B1E15B2FAE200D281DB /* tinyxmlerror.cpp */ = {isa = PBXFileReference; fileEncoding = 4; lastKnownFileType = sourcecode.cpp.cpp; name = tinyxmlerror.cpp; path = ../../../addons/ofxXmlSettings/libs/tinyxmlerror.cpp; sourceTree = SOURCE_ROOT; };
		AF6E4B1F15B2FAE200D281DB /* tinyxmlparser.cpp */ = {isa = PBXFileReference; fileEncoding = 4; lastKnownFileType = sourcecode.cpp.cpp; name = tinyxmlparser.cpp; path = ../../../addons/ofxXmlSettings/libs/tinyxmlparser.cpp; sourceTree = SOURCE_ROOT; };
		AF6E4B2715B2FC8A00D281DB /* MultitouchSupport.framework */ = {isa = PBXFileReference; lastKnownFileType = wrapper.framework; name = MultitouchSupport.framework; path = /System/Library/PrivateFrameworks/MultitouchSupport.framework; sourceTree = "<absolute>"; };
		AF6E4B7C15B2FE1C00D281DB /* THIRDPARTYLICENSEREADME.txt */ = {isa = PBXFileReference; fileEncoding = 4; lastKnownFileType = text; name = THIRDPARTYLICENSEREADME.txt; path = resources/THIRDPARTYLICENSEREADME.txt; sourceTree = "<group>"; };
		AF6E4BAE15B300D300D281DB /* ofxXmlDefaultSettings.cpp */ = {isa = PBXFileReference; fileEncoding = 4; lastKnownFileType = sourcecode.cpp.cpp; name = ofxXmlDefaultSettings.cpp; path = ../../../addons/ofxXmlDefaultSettings/src/ofxXmlDefaultSettings.cpp; sourceTree = SOURCE_ROOT; };
		AF6E4BAF15B300D300D281DB /* ofxXmlDefaultSettings.h */ = {isa = PBXFileReference; fileEncoding = 4; lastKnownFileType = sourcecode.c.h; name = ofxXmlDefaultSettings.h; path = ../../../addons/ofxXmlDefaultSettings/src/ofxXmlDefaultSettings.h; sourceTree = SOURCE_ROOT; };
		AF6E4C6115B311FE00D281DB /* Credits.rtf */ = {isa = PBXFileReference; lastKnownFileType = text.rtf; name = Credits.rtf; path = resources/Credits.rtf; sourceTree = "<group>"; };
		AF6E4D9915B42AC000D281DB /* Vera.ttf */ = {isa = PBXFileReference; lastKnownFileType = file; name = Vera.ttf; path = resources/Font/Vera.ttf; sourceTree = "<group>"; };
		AF6E4DB615B42CE400D281DB /* MultitouchPadOsc.icns */ = {isa = PBXFileReference; lastKnownFileType = image.icns; name = MultitouchPadOsc.icns; path = resources/MultitouchPadOsc.icns; sourceTree = "<group>"; };
		AF6E4E5D15B448CD00D281DB /* console_off.png */ = {isa = PBXFileReference; lastKnownFileType = image.png; name = console_off.png; path = resources/gui/console_off.png; sourceTree = "<group>"; };
		AF6E4E5E15B448CD00D281DB /* console_on.png */ = {isa = PBXFileReference; lastKnownFileType = image.png; name = console_on.png; path = resources/gui/console_on.png; sourceTree = "<group>"; };
		AF6E4E5F15B448CD00D281DB /* oscactive_off.png */ = {isa = PBXFileReference; lastKnownFileType = image.png; name = oscactive_off.png; path = resources/gui/oscactive_off.png; sourceTree = "<group>"; };
		AF6E4E6015B448CD00D281DB /* oscactive_on.png */ = {isa = PBXFileReference; lastKnownFileType = image.png; name = oscactive_on.png; path = resources/gui/oscactive_on.png; sourceTree = "<group>"; };
		AF6E4E6115B448CD00D281DB /* oscactive_send.png */ = {isa = PBXFileReference; lastKnownFileType = image.png; name = oscactive_send.png; path = resources/gui/oscactive_send.png; sourceTree = "<group>"; };
		AF6E4E6215B448CD00D281DB /* settings_off.png */ = {isa = PBXFileReference; lastKnownFileType = image.png; name = settings_off.png; path = resources/gui/settings_off.png; sourceTree = "<group>"; };
		AF6E4E6315B448CD00D281DB /* settings_on.png */ = {isa = PBXFileReference; lastKnownFileType = image.png; name = settings_on.png; path = resources/gui/settings_on.png; sourceTree = "<group>"; };
		BBAB23BE13894E4700AA2426 /* GLUT.framework */ = {isa = PBXFileReference; lastKnownFileType = wrapper.framework; name = GLUT.framework; path = ../../../libs/glut/lib/osx/GLUT.framework; sourceTree = "<group>"; };
		E4328143138ABC890047C5CB /* openFrameworksLib.xcodeproj */ = {isa = PBXFileReference; lastKnownFileType = "wrapper.pb-project"; name = openFrameworksLib.xcodeproj; path = ../../../libs/openFrameworksCompiled/project/osx/openFrameworksLib.xcodeproj; sourceTree = SOURCE_ROOT; };
		E45BE9710E8CC7DD009D7055 /* AGL.framework */ = {isa = PBXFileReference; lastKnownFileType = wrapper.framework; name = AGL.framework; path = /System/Library/Frameworks/AGL.framework; sourceTree = "<absolute>"; };
		E45BE9720E8CC7DD009D7055 /* ApplicationServices.framework */ = {isa = PBXFileReference; lastKnownFileType = wrapper.framework; name = ApplicationServices.framework; path = /System/Library/Frameworks/ApplicationServices.framework; sourceTree = "<absolute>"; };
		E45BE9730E8CC7DD009D7055 /* AudioToolbox.framework */ = {isa = PBXFileReference; lastKnownFileType = wrapper.framework; name = AudioToolbox.framework; path = /System/Library/Frameworks/AudioToolbox.framework; sourceTree = "<absolute>"; };
		E45BE9740E8CC7DD009D7055 /* Carbon.framework */ = {isa = PBXFileReference; lastKnownFileType = wrapper.framework; name = Carbon.framework; path = /System/Library/Frameworks/Carbon.framework; sourceTree = "<absolute>"; };
		E45BE9750E8CC7DD009D7055 /* CoreAudio.framework */ = {isa = PBXFileReference; lastKnownFileType = wrapper.framework; name = CoreAudio.framework; path = /System/Library/Frameworks/CoreAudio.framework; sourceTree = "<absolute>"; };
		E45BE9760E8CC7DD009D7055 /* CoreFoundation.framework */ = {isa = PBXFileReference; lastKnownFileType = wrapper.framework; name = CoreFoundation.framework; path = /System/Library/Frameworks/CoreFoundation.framework; sourceTree = "<absolute>"; };
		E45BE9770E8CC7DD009D7055 /* CoreServices.framework */ = {isa = PBXFileReference; lastKnownFileType = wrapper.framework; name = CoreServices.framework; path = /System/Library/Frameworks/CoreServices.framework; sourceTree = "<absolute>"; };
		E45BE9790E8CC7DD009D7055 /* OpenGL.framework */ = {isa = PBXFileReference; lastKnownFileType = wrapper.framework; name = OpenGL.framework; path = /System/Library/Frameworks/OpenGL.framework; sourceTree = "<absolute>"; };
		E45BE97A0E8CC7DD009D7055 /* QuickTime.framework */ = {isa = PBXFileReference; lastKnownFileType = wrapper.framework; name = QuickTime.framework; path = /System/Library/Frameworks/QuickTime.framework; sourceTree = "<absolute>"; };
		E4B69B5B0A3A1756003C02F2 /* MultitouchPadOscDebug.app */ = {isa = PBXFileReference; explicitFileType = wrapper.application; includeInIndex = 0; path = MultitouchPadOscDebug.app; sourceTree = BUILT_PRODUCTS_DIR; };
		E4B6FCAD0C3E899E008CF71C /* openFrameworks-Info.plist */ = {isa = PBXFileReference; fileEncoding = 30; lastKnownFileType = text.plist.xml; path = "openFrameworks-Info.plist"; sourceTree = "<group>"; };
		E4C2424410CC5A17004149E2 /* AppKit.framework */ = {isa = PBXFileReference; lastKnownFileType = wrapper.framework; name = AppKit.framework; path = /System/Library/Frameworks/AppKit.framework; sourceTree = "<absolute>"; };
		E4C2424510CC5A17004149E2 /* Cocoa.framework */ = {isa = PBXFileReference; lastKnownFileType = wrapper.framework; name = Cocoa.framework; path = /System/Library/Frameworks/Cocoa.framework; sourceTree = "<absolute>"; };
		E4C2424610CC5A17004149E2 /* IOKit.framework */ = {isa = PBXFileReference; lastKnownFileType = wrapper.framework; name = IOKit.framework; path = /System/Library/Frameworks/IOKit.framework; sourceTree = "<absolute>"; };
		E4EB691F138AFCF100A09F29 /* CoreOF.xcconfig */ = {isa = PBXFileReference; fileEncoding = 4; lastKnownFileType = text.xcconfig; name = CoreOF.xcconfig; path = ../../../libs/openFrameworksCompiled/project/osx/CoreOF.xcconfig; sourceTree = SOURCE_ROOT; };
		E4EB6923138AFD0F00A09F29 /* Project.xcconfig */ = {isa = PBXFileReference; fileEncoding = 4; lastKnownFileType = text.xcconfig; path = Project.xcconfig; sourceTree = "<group>"; };
/* End PBXFileReference section */

/* Begin PBXFrameworksBuildPhase section */
		E4B69B590A3A1756003C02F2 /* Frameworks */ = {
			isa = PBXFrameworksBuildPhase;
			buildActionMask = 2147483647;
			files = (
				E4EB6799138ADC1D00A09F29 /* GLUT.framework in Frameworks */,
				E4328149138ABC9F0047C5CB /* openFrameworksDebug.a in Frameworks */,
				E45BE97B0E8CC7DD009D7055 /* AGL.framework in Frameworks */,
				E45BE97C0E8CC7DD009D7055 /* ApplicationServices.framework in Frameworks */,
				E45BE97D0E8CC7DD009D7055 /* AudioToolbox.framework in Frameworks */,
				E45BE97E0E8CC7DD009D7055 /* Carbon.framework in Frameworks */,
				E45BE97F0E8CC7DD009D7055 /* CoreAudio.framework in Frameworks */,
				E45BE9800E8CC7DD009D7055 /* CoreFoundation.framework in Frameworks */,
				E45BE9810E8CC7DD009D7055 /* CoreServices.framework in Frameworks */,
				E45BE9830E8CC7DD009D7055 /* OpenGL.framework in Frameworks */,
				E45BE9840E8CC7DD009D7055 /* QuickTime.framework in Frameworks */,
				E4C2424710CC5A17004149E2 /* AppKit.framework in Frameworks */,
				E4C2424810CC5A17004149E2 /* Cocoa.framework in Frameworks */,
				E4C2424910CC5A17004149E2 /* IOKit.framework in Frameworks */,
				AF6E4B2815B2FC8A00D281DB /* MultitouchSupport.framework in Frameworks */,
			);
			runOnlyForDeploymentPostprocessing = 0;
		};
/* End PBXFrameworksBuildPhase section */

/* Begin PBXGroup section */
		AF6E490615B2F28400D281DB /* src */ = {
			isa = PBXGroup;
			children = (
				AF6E48FC15B2F28400D281DB /* ofxOsc.h */,
				AF6E48FD15B2F28400D281DB /* ofxOscArg.h */,
				AF6E48FE15B2F28400D281DB /* ofxOscBundle.cpp */,
				AF6E48FF15B2F28400D281DB /* ofxOscBundle.h */,
				AF6E490015B2F28400D281DB /* ofxOscMessage.cpp */,
				AF6E490115B2F28400D281DB /* ofxOscMessage.h */,
				AF6E490215B2F28400D281DB /* ofxOscReceiver.cpp */,
				AF6E490315B2F28400D281DB /* ofxOscReceiver.h */,
				AF6E490415B2F28400D281DB /* ofxOscSender.cpp */,
				AF6E490515B2F28400D281DB /* ofxOscSender.h */,
			);
			name = src;
			sourceTree = "<group>";
		};
		AF6E490D15B2F28400D281DB /* posix */ = {
			isa = PBXGroup;
			children = (
				AF6E490B15B2F28400D281DB /* NetworkingUtils.cpp */,
				AF6E490C15B2F28400D281DB /* UdpSocket.cpp */,
			);
			name = posix;
			sourceTree = "<group>";
		};
		AF6E491215B2F28400D281DB /* win32 */ = {
			isa = PBXGroup;
			children = (
				AF6E491015B2F28400D281DB /* NetworkingUtilsWin.cpp */,
				AF6E491115B2F28400D281DB /* UdpSocketWin.cpp */,
			);
			name = win32;
			sourceTree = "<group>";
		};
		AF6E491315B2F28400D281DB /* ip */ = {
			isa = PBXGroup;
			children = (
				AF6E490715B2F28400D281DB /* IpEndpointName.cpp */,
				AF6E490815B2F28400D281DB /* IpEndpointName.h */,
				AF6E490915B2F28400D281DB /* NetworkingUtils.h */,
				AF6E490A15B2F28400D281DB /* PacketListener.h */,
				AF6E490D15B2F28400D281DB /* posix */,
				AF6E490E15B2F28400D281DB /* TimerListener.h */,
				AF6E490F15B2F28400D281DB /* UdpSocket.h */,
				AF6E491215B2F28400D281DB /* win32 */,
			);
			name = ip;
			sourceTree = "<group>";
		};
		AF6E492015B2F28400D281DB /* osc */ = {
			isa = PBXGroup;
			children = (
				AF6E491415B2F28400D281DB /* MessageMappingOscPacketListener.h */,
				AF6E491515B2F28400D281DB /* OscException.h */,
				AF6E491615B2F28400D281DB /* OscHostEndianness.h */,
				AF6E491715B2F28400D281DB /* OscOutboundPacketStream.cpp */,
				AF6E491815B2F28400D281DB /* OscOutboundPacketStream.h */,
				AF6E491915B2F28400D281DB /* OscPacketListener.h */,
				AF6E491A15B2F28400D281DB /* OscPrintReceivedElements.cpp */,
				AF6E491B15B2F28400D281DB /* OscPrintReceivedElements.h */,
				AF6E491C15B2F28400D281DB /* OscReceivedElements.cpp */,
				AF6E491D15B2F28400D281DB /* OscReceivedElements.h */,
				AF6E491E15B2F28400D281DB /* OscTypes.cpp */,
				AF6E491F15B2F28400D281DB /* OscTypes.h */,
			);
			name = osc;
			sourceTree = "<group>";
		};
		AF6E492115B2F28400D281DB /* src */ = {
			isa = PBXGroup;
			children = (
				AF6E491315B2F28400D281DB /* ip */,
				AF6E492015B2F28400D281DB /* osc */,
			);
			name = src;
			sourceTree = "<group>";
		};
		AF6E492215B2F28400D281DB /* oscpack */ = {
			isa = PBXGroup;
			children = (
				AF6E492115B2F28400D281DB /* src */,
			);
			name = oscpack;
			sourceTree = "<group>";
		};
		AF6E492315B2F28400D281DB /* libs */ = {
			isa = PBXGroup;
			children = (
				AF6E492215B2F28400D281DB /* oscpack */,
			);
			name = libs;
			sourceTree = "<group>";
		};
		AF6E492415B2F28400D281DB /* ofxOsc */ = {
			isa = PBXGroup;
			children = (
				AF6E490615B2F28400D281DB /* src */,
				AF6E492315B2F28400D281DB /* libs */,
			);
			name = ofxOsc;
			sourceTree = "<group>";
		};
		AF6E4B1015B2FA6700D281DB /* wGui */ = {
			isa = PBXGroup;
			children = (
				AF6E4B0215B2FA6000D281DB /* wCheckbox.h */,
				AF6E4B0415B2FA6000D281DB /* wImageButton.h */,
				AF6E4B0615B2FA6000D281DB /* wInteraction.h */,
			);
			name = wGui;
			sourceTree = "<group>";
		};
		AF6E4B1115B2FA8100D281DB /* MultitouchPad */ = {
			isa = PBXGroup;
			children = (
				AF6E4AF615B2FA6000D281DB /* MTTypes.h */,
				AF6E4AF915B2FA6000D281DB /* ofxMultiTouchPad.cpp */,
				AF6E4AFA15B2FA6000D281DB /* ofxMultiTouchPad.h */,
			);
			name = MultitouchPad;
			sourceTree = "<group>";
		};
		AF6E4B1215B2FAB100D281DB /* ofxXmlSettings */ = {
			isa = PBXGroup;
			children = (
				AF6E4B1415B2FAC000D281DB /* libs */,
				AF6E4B1315B2FAB900D281DB /* src */,
			);
			name = ofxXmlSettings;
			sourceTree = "<group>";
		};
		AF6E4B1315B2FAB900D281DB /* src */ = {
			isa = PBXGroup;
			children = (
				AF6E4B1915B2FAD700D281DB /* ofxXmlSettings.cpp */,
				AF6E4B1A15B2FAD700D281DB /* ofxXmlSettings.h */,
			);
			name = src;
			sourceTree = "<group>";
		};
		AF6E4B1415B2FAC000D281DB /* libs */ = {
			isa = PBXGroup;
			children = (
				AF6E4B1C15B2FAE200D281DB /* tinyxml.cpp */,
				AF6E4B1D15B2FAE200D281DB /* tinyxml.h */,
				AF6E4B1E15B2FAE200D281DB /* tinyxmlerror.cpp */,
				AF6E4B1F15B2FAE200D281DB /* tinyxmlparser.cpp */,
			);
			name = libs;
			sourceTree = "<group>";
		};
		AF6E4B7515B2FE0A00D281DB /* resources */ = {
			isa = PBXGroup;
			children = (
				AF6E4DB615B42CE400D281DB /* MultitouchPadOsc.icns */,
				AF6E4C6115B311FE00D281DB /* Credits.rtf */,
				AF6E4B7C15B2FE1C00D281DB /* THIRDPARTYLICENSEREADME.txt */,
				AF6E4C4D15B30F2000D281DB /* gui */,
				AF6E4D9715B42AB700D281DB /* Font */,
			);
			name = resources;
			sourceTree = "<group>";
		};
		AF6E4BAB15B300B500D281DB /* ofxXmlDefaultSettings */ = {
			isa = PBXGroup;
			children = (
				AF6E4BAC15B300C200D281DB /* src */,
			);
			name = ofxXmlDefaultSettings;
			sourceTree = "<group>";
		};
		AF6E4BAC15B300C200D281DB /* src */ = {
			isa = PBXGroup;
			children = (
				AF6E4BAF15B300D300D281DB /* ofxXmlDefaultSettings.h */,
				AF6E4BAE15B300D300D281DB /* ofxXmlDefaultSettings.cpp */,
			);
			name = src;
			sourceTree = "<group>";
		};
		AF6E4C4D15B30F2000D281DB /* gui */ = {
			isa = PBXGroup;
			children = (
				AF6E4E5D15B448CD00D281DB /* console_off.png */,
				AF6E4E5E15B448CD00D281DB /* console_on.png */,
				AF6E4E5F15B448CD00D281DB /* oscactive_off.png */,
				AF6E4E6015B448CD00D281DB /* oscactive_on.png */,
				AF6E4E6115B448CD00D281DB /* oscactive_send.png */,
				AF6E4E6215B448CD00D281DB /* settings_off.png */,
				AF6E4E6315B448CD00D281DB /* settings_on.png */,
			);
			name = gui;
			sourceTree = "<group>";
		};
		AF6E4D9715B42AB700D281DB /* Font */ = {
			isa = PBXGroup;
			children = (
				AF6E4D9915B42AC000D281DB /* Vera.ttf */,
			);
			name = Font;
			sourceTree = "<group>";
		};
		BB4B014C10F69532006C3DED /* addons */ = {
			isa = PBXGroup;
			children = (
				AF6E4BAB15B300B500D281DB /* ofxXmlDefaultSettings */,
				AF6E4B1215B2FAB100D281DB /* ofxXmlSettings */,
				AF6E492415B2F28400D281DB /* ofxOsc */,
				AF6E4B2715B2FC8A00D281DB /* MultitouchSupport.framework */,
			);
			name = addons;
			sourceTree = "<group>";
		};
		BBAB23C913894ECA00AA2426 /* system frameworks */ = {
			isa = PBXGroup;
			children = (
				E4C2424410CC5A17004149E2 /* AppKit.framework */,
				E4C2424510CC5A17004149E2 /* Cocoa.framework */,
				E4C2424610CC5A17004149E2 /* IOKit.framework */,
				E45BE9710E8CC7DD009D7055 /* AGL.framework */,
				E45BE9720E8CC7DD009D7055 /* ApplicationServices.framework */,
				E45BE9730E8CC7DD009D7055 /* AudioToolbox.framework */,
				E45BE9740E8CC7DD009D7055 /* Carbon.framework */,
				E45BE9750E8CC7DD009D7055 /* CoreAudio.framework */,
				E45BE9760E8CC7DD009D7055 /* CoreFoundation.framework */,
				E45BE9770E8CC7DD009D7055 /* CoreServices.framework */,
				E45BE9790E8CC7DD009D7055 /* OpenGL.framework */,
				E45BE97A0E8CC7DD009D7055 /* QuickTime.framework */,
			);
			name = "system frameworks";
			sourceTree = "<group>";
		};
		BBAB23CA13894EDB00AA2426 /* 3rd party frameworks */ = {
			isa = PBXGroup;
			children = (
				BBAB23BE13894E4700AA2426 /* GLUT.framework */,
			);
			name = "3rd party frameworks";
			sourceTree = "<group>";
		};
		E4328144138ABC890047C5CB /* Products */ = {
			isa = PBXGroup;
			children = (
				E4328148138ABC890047C5CB /* openFrameworksDebug.a */,
			);
			name = Products;
			sourceTree = "<group>";
		};
		E45BE5980E8CC70C009D7055 /* frameworks */ = {
			isa = PBXGroup;
			children = (
				BBAB23CA13894EDB00AA2426 /* 3rd party frameworks */,
				BBAB23C913894ECA00AA2426 /* system frameworks */,
			);
			name = frameworks;
			sourceTree = "<group>";
		};
		E4B69B4A0A3A1720003C02F2 = {
			isa = PBXGroup;
			children = (
				E4B6FCAD0C3E899E008CF71C /* openFrameworks-Info.plist */,
				E4EB6923138AFD0F00A09F29 /* Project.xcconfig */,
				E4B69E1C0A3A1BDC003C02F2 /* src */,
				E4EEC9E9138DF44700A80321 /* openFrameworks */,
				BB4B014C10F69532006C3DED /* addons */,
				E45BE5980E8CC70C009D7055 /* frameworks */,
				AF6E4B7515B2FE0A00D281DB /* resources */,
				E4B69B5B0A3A1756003C02F2 /* MultitouchPadOscDebug.app */,
			);
			sourceTree = "<group>";
		};
		E4B69E1C0A3A1BDC003C02F2 /* src */ = {
			isa = PBXGroup;
			children = (
				AF6E4AF515B2FA6000D281DB /* main.cpp */,
				AF6E4AF715B2FA6000D281DB /* MultitouchPadOscApp.cpp */,
				AF6E4AF815B2FA6000D281DB /* MultitouchPadOscApp.h */,
				AF6E4B0015B2FA6000D281DB /* TextConsole.h */,
				AF6E4B1115B2FA8100D281DB /* MultitouchPad */,
				AF6E4B1015B2FA6700D281DB /* wGui */,
			);
			path = src;
			sourceTree = SOURCE_ROOT;
		};
		E4EEC9E9138DF44700A80321 /* openFrameworks */ = {
			isa = PBXGroup;
			children = (
				E4EB691F138AFCF100A09F29 /* CoreOF.xcconfig */,
				E4328143138ABC890047C5CB /* openFrameworksLib.xcodeproj */,
			);
			name = openFrameworks;
			sourceTree = "<group>";
		};
/* End PBXGroup section */

/* Begin PBXNativeTarget section */
		E4B69B5A0A3A1756003C02F2 /* MultitouchPadOsc */ = {
			isa = PBXNativeTarget;
			buildConfigurationList = E4B69B5F0A3A1757003C02F2 /* Build configuration list for PBXNativeTarget "MultitouchPadOsc" */;
			buildPhases = (
				E4B69B580A3A1756003C02F2 /* Sources */,
				E4B69B590A3A1756003C02F2 /* Frameworks */,
				E4B6FFFD0C3F9AB9008CF71C /* ShellScript */,
				E4C2427710CC5ABF004149E2 /* Copy Files Frameworks */,
				AF6E4B7615B2FE0A00D281DB /* Copy Files Resources */,
				AF6E4C3715B30D1000D281DB /* Copy Files GUI */,
				AF6E4D9F15B42B0200D281DB /* Copy Files Font */,
			);
			buildRules = (
			);
			dependencies = (
				E4EEB9AC138B136A00A80321 /* PBXTargetDependency */,
			);
			name = MultitouchPadOsc;
			productName = myOFApp;
			productReference = E4B69B5B0A3A1756003C02F2 /* MultitouchPadOscDebug.app */;
			productType = "com.apple.product-type.application";
		};
/* End PBXNativeTarget section */

/* Begin PBXProject section */
		E4B69B4C0A3A1720003C02F2 /* Project object */ = {
			isa = PBXProject;
			buildConfigurationList = E4B69B4D0A3A1720003C02F2 /* Build configuration list for PBXProject "MultitouchPadOsc" */;
			compatibilityVersion = "Xcode 2.4";
			hasScannedForEncodings = 0;
			knownRegions = (
				English,
				Japanese,
				French,
				German,
			);
			mainGroup = E4B69B4A0A3A1720003C02F2;
			productRefGroup = E4B69B4A0A3A1720003C02F2;
			projectDirPath = "";
			projectReferences = (
				{
					ProductGroup = E4328144138ABC890047C5CB /* Products */;
					ProjectRef = E4328143138ABC890047C5CB /* openFrameworksLib.xcodeproj */;
				},
			);
			projectRoot = "";
			targets = (
				E4B69B5A0A3A1756003C02F2 /* MultitouchPadOsc */,
			);
		};
/* End PBXProject section */

/* Begin PBXReferenceProxy section */
		E4328148138ABC890047C5CB /* openFrameworksDebug.a */ = {
			isa = PBXReferenceProxy;
			fileType = archive.ar;
			path = openFrameworksDebug.a;
			remoteRef = E4328147138ABC890047C5CB /* PBXContainerItemProxy */;
			sourceTree = BUILT_PRODUCTS_DIR;
		};
/* End PBXReferenceProxy section */

/* Begin PBXShellScriptBuildPhase section */
		E4B6FFFD0C3F9AB9008CF71C /* ShellScript */ = {
			isa = PBXShellScriptBuildPhase;
			buildActionMask = 2147483647;
			files = (
			);
			inputPaths = (
			);
			outputPaths = (
			);
			runOnlyForDeploymentPostprocessing = 0;
			shellPath = /bin/sh;
			shellScript = "cp -f ../../../libs/fmodex/lib/osx/libfmodex.dylib \"$TARGET_BUILD_DIR/$PRODUCT_NAME.app/Contents/MacOS/libfmodex.dylib\"; install_name_tool -change ./libfmodex.dylib @executable_path/libfmodex.dylib \"$TARGET_BUILD_DIR/$PRODUCT_NAME.app/Contents/MacOS/$PRODUCT_NAME\";";
		};
/* End PBXShellScriptBuildPhase section */

/* Begin PBXSourcesBuildPhase section */
		E4B69B580A3A1756003C02F2 /* Sources */ = {
			isa = PBXSourcesBuildPhase;
			buildActionMask = 2147483647;
			files = (
				AF6E492C15B2F28400D281DB /* ofxOscBundle.cpp in Sources */,
				AF6E492D15B2F28400D281DB /* ofxOscMessage.cpp in Sources */,
				AF6E492E15B2F28400D281DB /* ofxOscReceiver.cpp in Sources */,
				AF6E492F15B2F28400D281DB /* ofxOscSender.cpp in Sources */,
				AF6E493015B2F28400D281DB /* IpEndpointName.cpp in Sources */,
				AF6E493115B2F28400D281DB /* NetworkingUtils.cpp in Sources */,
				AF6E493215B2F28400D281DB /* UdpSocket.cpp in Sources */,
				AF6E493315B2F28400D281DB /* NetworkingUtilsWin.cpp in Sources */,
				AF6E493415B2F28400D281DB /* UdpSocketWin.cpp in Sources */,
				AF6E493515B2F28400D281DB /* OscOutboundPacketStream.cpp in Sources */,
				AF6E493615B2F28400D281DB /* OscPrintReceivedElements.cpp in Sources */,
				AF6E493715B2F28400D281DB /* OscReceivedElements.cpp in Sources */,
				AF6E493815B2F28400D281DB /* OscTypes.cpp in Sources */,
				AF6E4B0715B2FA6000D281DB /* main.cpp in Sources */,
				AF6E4B0815B2FA6000D281DB /* MultitouchPadOscApp.cpp in Sources */,
				AF6E4B0915B2FA6000D281DB /* ofxMultiTouchPad.cpp in Sources */,
				AF6E4B1B15B2FAD700D281DB /* ofxXmlSettings.cpp in Sources */,
				AF6E4B2015B2FAE200D281DB /* tinyxml.cpp in Sources */,
				AF6E4B2115B2FAE200D281DB /* tinyxmlerror.cpp in Sources */,
				AF6E4B2215B2FAE200D281DB /* tinyxmlparser.cpp in Sources */,
				AF6E4BB015B300D300D281DB /* ofxXmlDefaultSettings.cpp in Sources */,
			);
			runOnlyForDeploymentPostprocessing = 0;
		};
/* End PBXSourcesBuildPhase section */

/* Begin PBXTargetDependency section */
		E4EEB9AC138B136A00A80321 /* PBXTargetDependency */ = {
			isa = PBXTargetDependency;
			name = openFrameworks;
			targetProxy = E4EEB9AB138B136A00A80321 /* PBXContainerItemProxy */;
		};
/* End PBXTargetDependency section */

/* Begin XCBuildConfiguration section */
		E4B69B4E0A3A1720003C02F2 /* Debug */ = {
			isa = XCBuildConfiguration;
			baseConfigurationReference = E4EB6923138AFD0F00A09F29 /* Project.xcconfig */;
			buildSettings = {
				ARCHS = "$(NATIVE_ARCH)";
				CONFIGURATION_BUILD_DIR = "$(SRCROOT)/bin/";
				COPY_PHASE_STRIP = NO;
				DEAD_CODE_STRIPPING = YES;
				GCC_AUTO_VECTORIZATION = YES;
				GCC_ENABLE_SSE3_EXTENSIONS = YES;
				GCC_ENABLE_SUPPLEMENTAL_SSE3_INSTRUCTIONS = YES;
				GCC_INLINES_ARE_PRIVATE_EXTERN = NO;
				GCC_OPTIMIZATION_LEVEL = 0;
				GCC_SYMBOLS_PRIVATE_EXTERN = NO;
				GCC_WARN_ABOUT_DEPRECATED_FUNCTIONS = NO;
				GCC_WARN_ABOUT_INVALID_OFFSETOF_MACRO = NO;
				GCC_WARN_ALLOW_INCOMPLETE_PROTOCOL = NO;
				GCC_WARN_UNINITIALIZED_AUTOS = NO;
				GCC_WARN_UNUSED_VALUE = NO;
				GCC_WARN_UNUSED_VARIABLE = NO;
				HEADER_SEARCH_PATHS = (
					"$(OF_CORE_HEADERS)",
					src,
					../../../addons/ofxOsc/libs,
					../../../addons/ofxOsc/libs/oscpack,
					../../../addons/ofxOsc/libs/oscpack/src,
					../../../addons/ofxOsc/libs/oscpack/src/ip,
					../../../addons/ofxOsc/libs/oscpack/src/ip/posix,
					../../../addons/ofxOsc/libs/oscpack/src/ip/win32,
					../../../addons/ofxOsc/libs/oscpack/src/osc,
					../../../addons/ofxOsc/src,
				);
				OTHER_CPLUSPLUSFLAGS = (
					"-D__MACOSX_CORE__",
					"-lpthread",
					"-mtune=native",
				);
			};
			name = Debug;
		};
		E4B69B4F0A3A1720003C02F2 /* Release */ = {
			isa = XCBuildConfiguration;
			baseConfigurationReference = E4EB6923138AFD0F00A09F29 /* Project.xcconfig */;
			buildSettings = {
				ARCHS = "$(NATIVE_ARCH)";
				CONFIGURATION_BUILD_DIR = "$(SRCROOT)/bin/";
				COPY_PHASE_STRIP = YES;
				DEAD_CODE_STRIPPING = YES;
				GCC_AUTO_VECTORIZATION = YES;
				GCC_ENABLE_SSE3_EXTENSIONS = YES;
				GCC_ENABLE_SUPPLEMENTAL_SSE3_INSTRUCTIONS = YES;
				GCC_INLINES_ARE_PRIVATE_EXTERN = NO;
				GCC_OPTIMIZATION_LEVEL = 3;
				GCC_SYMBOLS_PRIVATE_EXTERN = NO;
				GCC_UNROLL_LOOPS = YES;
				GCC_WARN_ABOUT_DEPRECATED_FUNCTIONS = NO;
				GCC_WARN_ABOUT_INVALID_OFFSETOF_MACRO = NO;
				GCC_WARN_ALLOW_INCOMPLETE_PROTOCOL = NO;
				GCC_WARN_UNINITIALIZED_AUTOS = NO;
				GCC_WARN_UNUSED_VALUE = NO;
				GCC_WARN_UNUSED_VARIABLE = NO;
				HEADER_SEARCH_PATHS = (
					"$(OF_CORE_HEADERS)",
					src,
					../../../addons/ofxOsc/libs,
					../../../addons/ofxOsc/libs/oscpack,
					../../../addons/ofxOsc/libs/oscpack/src,
					../../../addons/ofxOsc/libs/oscpack/src/ip,
					../../../addons/ofxOsc/libs/oscpack/src/ip/posix,
					../../../addons/ofxOsc/libs/oscpack/src/ip/win32,
					../../../addons/ofxOsc/libs/oscpack/src/osc,
					../../../addons/ofxOsc/src,
				);
				OTHER_CPLUSPLUSFLAGS = (
					"-D__MACOSX_CORE__",
					"-lpthread",
					"-mtune=native",
				);
			};
			name = Release;
		};
		E4B69B600A3A1757003C02F2 /* Debug */ = {
			isa = XCBuildConfiguration;
			buildSettings = {
				COPY_PHASE_STRIP = NO;
				FRAMEWORK_SEARCH_PATHS = (
					"$(inherited)",
					"$(FRAMEWORK_SEARCH_PATHS_QUOTED_FOR_TARGET_1)",
					"$(FRAMEWORK_SEARCH_PATHS_QUOTED_FOR_TARGET_2)",
				);
				FRAMEWORK_SEARCH_PATHS_QUOTED_FOR_TARGET_1 = "\"$(SRCROOT)/../../../libs/glut/lib/osx\"";
				FRAMEWORK_SEARCH_PATHS_QUOTED_FOR_TARGET_2 = "\"$(SYSTEM_LIBRARY_DIR)/PrivateFrameworks\"";
				GCC_DYNAMIC_NO_PIC = NO;
				GCC_ENABLE_FIX_AND_CONTINUE = YES;
				GCC_GENERATE_DEBUGGING_SYMBOLS = YES;
				GCC_MODEL_TUNING = NONE;
				GCC_PRECOMPILE_PREFIX_HEADER = YES;
				GCC_PREFIX_HEADER = "$(SYSTEM_LIBRARY_DIR)/Frameworks/Carbon.framework/Headers/Carbon.h";
				INFOPLIST_FILE = "openFrameworks-Info.plist";
				INSTALL_PATH = "$(HOME)/Applications";
				LIBRARY_SEARCH_PATHS = (
					"$(inherited)",
					"$(LIBRARY_SEARCH_PATHS_QUOTED_FOR_TARGET_1)",
					"$(LIBRARY_SEARCH_PATHS_QUOTED_FOR_TARGET_2)",
					"$(LIBRARY_SEARCH_PATHS_QUOTED_FOR_TARGET_3)",
					"$(LIBRARY_SEARCH_PATHS_QUOTED_FOR_TARGET_4)",
					"$(LIBRARY_SEARCH_PATHS_QUOTED_FOR_TARGET_5)",
					"$(LIBRARY_SEARCH_PATHS_QUOTED_FOR_TARGET_6)",
					"$(LIBRARY_SEARCH_PATHS_QUOTED_FOR_TARGET_7)",
					"$(LIBRARY_SEARCH_PATHS_QUOTED_FOR_TARGET_8)",
					"$(LIBRARY_SEARCH_PATHS_QUOTED_FOR_TARGET_9)",
					"$(LIBRARY_SEARCH_PATHS_QUOTED_FOR_TARGET_10)",
					"$(LIBRARY_SEARCH_PATHS_QUOTED_FOR_TARGET_11)",
					"$(LIBRARY_SEARCH_PATHS_QUOTED_FOR_TARGET_12)",
					"$(LIBRARY_SEARCH_PATHS_QUOTED_FOR_TARGET_13)",
					"$(LIBRARY_SEARCH_PATHS_QUOTED_FOR_TARGET_14)",
					"$(LIBRARY_SEARCH_PATHS_QUOTED_FOR_TARGET_15)",
					"$(LIBRARY_SEARCH_PATHS_QUOTED_FOR_TARGET_2)",
					"$(LIBRARY_SEARCH_PATHS_QUOTED_FOR_TARGET_3)",
					"$(LIBRARY_SEARCH_PATHS_QUOTED_FOR_TARGET_7)",
					"$(LIBRARY_SEARCH_PATHS_QUOTED_FOR_TARGET_8)",
					"$(LIBRARY_SEARCH_PATHS_QUOTED_FOR_TARGET_9)",
					"$(LIBRARY_SEARCH_PATHS_QUOTED_FOR_TARGET_10)",
					"$(LIBRARY_SEARCH_PATHS_QUOTED_FOR_TARGET_11)",
					"$(LIBRARY_SEARCH_PATHS_QUOTED_FOR_TARGET_12)",
					"$(LIBRARY_SEARCH_PATHS_QUOTED_FOR_TARGET_13)",
					"$(LIBRARY_SEARCH_PATHS_QUOTED_FOR_TARGET_16)",
					"$(LIBRARY_SEARCH_PATHS_QUOTED_FOR_TARGET_17)",
					"$(LIBRARY_SEARCH_PATHS_QUOTED_FOR_TARGET_18)",
					"$(LIBRARY_SEARCH_PATHS_QUOTED_FOR_TARGET_19)",
					"$(LIBRARY_SEARCH_PATHS_QUOTED_FOR_TARGET_20)",
					"$(LIBRARY_SEARCH_PATHS_QUOTED_FOR_TARGET_21)",
					"$(LIBRARY_SEARCH_PATHS_QUOTED_FOR_TARGET_22)",
					"$(LIBRARY_SEARCH_PATHS_QUOTED_FOR_TARGET_23)",
					"$(LIBRARY_SEARCH_PATHS_QUOTED_FOR_TARGET_24)",
					"$(LIBRARY_SEARCH_PATHS_QUOTED_FOR_TARGET_25)",
					"$(LIBRARY_SEARCH_PATHS_QUOTED_FOR_TARGET_26)",
					"$(LIBRARY_SEARCH_PATHS_QUOTED_FOR_TARGET_27)",
					"$(LIBRARY_SEARCH_PATHS_QUOTED_FOR_TARGET_28)",
					"$(LIBRARY_SEARCH_PATHS_QUOTED_FOR_TARGET_29)",
					"$(LIBRARY_SEARCH_PATHS_QUOTED_FOR_TARGET_30)",
					"$(LIBRARY_SEARCH_PATHS_QUOTED_FOR_TARGET_31)",
					"$(LIBRARY_SEARCH_PATHS_QUOTED_FOR_TARGET_32)",
					"$(LIBRARY_SEARCH_PATHS_QUOTED_FOR_TARGET_33)",
					"$(LIBRARY_SEARCH_PATHS_QUOTED_FOR_TARGET_34)",
					"$(LIBRARY_SEARCH_PATHS_QUOTED_FOR_TARGET_35)",
					"$(LIBRARY_SEARCH_PATHS_QUOTED_FOR_TARGET_36)",
					"$(LIBRARY_SEARCH_PATHS_QUOTED_FOR_TARGET_37)",
					"$(LIBRARY_SEARCH_PATHS_QUOTED_FOR_TARGET_38)",
					"$(LIBRARY_SEARCH_PATHS_QUOTED_FOR_TARGET_39)",
					"$(LIBRARY_SEARCH_PATHS_QUOTED_FOR_TARGET_40)",
					"$(LIBRARY_SEARCH_PATHS_QUOTED_FOR_TARGET_41)",
					"$(LIBRARY_SEARCH_PATHS_QUOTED_FOR_TARGET_42)",
					"$(LIBRARY_SEARCH_PATHS_QUOTED_FOR_TARGET_43)",
					"$(LIBRARY_SEARCH_PATHS_QUOTED_FOR_TARGET_44)",
					"$(LIBRARY_SEARCH_PATHS_QUOTED_FOR_TARGET_45)",
					"$(LIBRARY_SEARCH_PATHS_QUOTED_FOR_TARGET_46)",
					"$(LIBRARY_SEARCH_PATHS_QUOTED_FOR_TARGET_47)",
					"$(LIBRARY_SEARCH_PATHS_QUOTED_FOR_TARGET_48)",
					"$(LIBRARY_SEARCH_PATHS_QUOTED_FOR_TARGET_49)",
					"$(LIBRARY_SEARCH_PATHS_QUOTED_FOR_TARGET_50)",
					"$(LIBRARY_SEARCH_PATHS_QUOTED_FOR_TARGET_51)",
					"$(LIBRARY_SEARCH_PATHS_QUOTED_FOR_TARGET_52)",
				);
				PREBINDING = NO;
				PRODUCT_NAME = "$(TARGET_NAME)Debug";
				WRAPPER_EXTENSION = app;
			};
			name = Debug;
		};
		E4B69B610A3A1757003C02F2 /* Release */ = {
			isa = XCBuildConfiguration;
			buildSettings = {
				COPY_PHASE_STRIP = YES;
				FRAMEWORK_SEARCH_PATHS = (
					"$(inherited)",
					"$(FRAMEWORK_SEARCH_PATHS_QUOTED_FOR_TARGET_1)",
					"$(FRAMEWORK_SEARCH_PATHS_QUOTED_FOR_TARGET_2)",
				);
				FRAMEWORK_SEARCH_PATHS_QUOTED_FOR_TARGET_1 = "\"$(SRCROOT)/../../../libs/glut/lib/osx\"";
				FRAMEWORK_SEARCH_PATHS_QUOTED_FOR_TARGET_2 = "\"$(SYSTEM_LIBRARY_DIR)/PrivateFrameworks\"";
				GCC_ENABLE_FIX_AND_CONTINUE = NO;
				GCC_GENERATE_DEBUGGING_SYMBOLS = YES;
				GCC_MODEL_TUNING = NONE;
				GCC_PRECOMPILE_PREFIX_HEADER = YES;
				GCC_PREFIX_HEADER = "$(SYSTEM_LIBRARY_DIR)/Frameworks/Carbon.framework/Headers/Carbon.h";
				INFOPLIST_FILE = "openFrameworks-Info.plist";
				INSTALL_PATH = "$(HOME)/Applications";
				LIBRARY_SEARCH_PATHS = (
					"$(inherited)",
					"$(LIBRARY_SEARCH_PATHS_QUOTED_FOR_TARGET_1)",
					"$(LIBRARY_SEARCH_PATHS_QUOTED_FOR_TARGET_2)",
					"$(LIBRARY_SEARCH_PATHS_QUOTED_FOR_TARGET_3)",
					"$(LIBRARY_SEARCH_PATHS_QUOTED_FOR_TARGET_4)",
					"$(LIBRARY_SEARCH_PATHS_QUOTED_FOR_TARGET_5)",
					"$(LIBRARY_SEARCH_PATHS_QUOTED_FOR_TARGET_6)",
					"$(LIBRARY_SEARCH_PATHS_QUOTED_FOR_TARGET_7)",
					"$(LIBRARY_SEARCH_PATHS_QUOTED_FOR_TARGET_8)",
					"$(LIBRARY_SEARCH_PATHS_QUOTED_FOR_TARGET_9)",
					"$(LIBRARY_SEARCH_PATHS_QUOTED_FOR_TARGET_10)",
					"$(LIBRARY_SEARCH_PATHS_QUOTED_FOR_TARGET_11)",
					"$(LIBRARY_SEARCH_PATHS_QUOTED_FOR_TARGET_12)",
					"$(LIBRARY_SEARCH_PATHS_QUOTED_FOR_TARGET_13)",
					"$(LIBRARY_SEARCH_PATHS_QUOTED_FOR_TARGET_14)",
					"$(LIBRARY_SEARCH_PATHS_QUOTED_FOR_TARGET_15)",
					"$(LIBRARY_SEARCH_PATHS_QUOTED_FOR_TARGET_2)",
					"$(LIBRARY_SEARCH_PATHS_QUOTED_1)",
					"$(LIBRARY_SEARCH_PATHS_QUOTED_FOR_TARGET_3)",
					"$(LIBRARY_SEARCH_PATHS_QUOTED_FOR_TARGET_7)",
					"$(LIBRARY_SEARCH_PATHS_QUOTED_FOR_TARGET_8)",
					"$(LIBRARY_SEARCH_PATHS_QUOTED_FOR_TARGET_9)",
					"$(LIBRARY_SEARCH_PATHS_QUOTED_FOR_TARGET_10)",
					"$(LIBRARY_SEARCH_PATHS_QUOTED_FOR_TARGET_11)",
					"$(LIBRARY_SEARCH_PATHS_QUOTED_FOR_TARGET_12)",
					"$(LIBRARY_SEARCH_PATHS_QUOTED_FOR_TARGET_13)",
					"$(LIBRARY_SEARCH_PATHS_QUOTED_FOR_TARGET_16)",
					"$(LIBRARY_SEARCH_PATHS_QUOTED_FOR_TARGET_17)",
					"$(LIBRARY_SEARCH_PATHS_QUOTED_FOR_TARGET_18)",
					"$(LIBRARY_SEARCH_PATHS_QUOTED_FOR_TARGET_19)",
					"$(LIBRARY_SEARCH_PATHS_QUOTED_FOR_TARGET_20)",
					"$(LIBRARY_SEARCH_PATHS_QUOTED_FOR_TARGET_21)",
					"$(LIBRARY_SEARCH_PATHS_QUOTED_FOR_TARGET_22)",
					"$(LIBRARY_SEARCH_PATHS_QUOTED_FOR_TARGET_23)",
					"$(LIBRARY_SEARCH_PATHS_QUOTED_FOR_TARGET_24)",
					"$(LIBRARY_SEARCH_PATHS_QUOTED_FOR_TARGET_25)",
					"$(LIBRARY_SEARCH_PATHS_QUOTED_FOR_TARGET_26)",
					"$(LIBRARY_SEARCH_PATHS_QUOTED_FOR_TARGET_27)",
					"$(LIBRARY_SEARCH_PATHS_QUOTED_FOR_TARGET_28)",
					"$(LIBRARY_SEARCH_PATHS_QUOTED_FOR_TARGET_29)",
					"$(LIBRARY_SEARCH_PATHS_QUOTED_FOR_TARGET_30)",
					"$(LIBRARY_SEARCH_PATHS_QUOTED_FOR_TARGET_31)",
					"$(LIBRARY_SEARCH_PATHS_QUOTED_FOR_TARGET_32)",
					"$(LIBRARY_SEARCH_PATHS_QUOTED_FOR_TARGET_33)",
					"$(LIBRARY_SEARCH_PATHS_QUOTED_FOR_TARGET_34)",
					"$(LIBRARY_SEARCH_PATHS_QUOTED_FOR_TARGET_35)",
					"$(LIBRARY_SEARCH_PATHS_QUOTED_FOR_TARGET_36)",
					"$(LIBRARY_SEARCH_PATHS_QUOTED_FOR_TARGET_37)",
					"$(LIBRARY_SEARCH_PATHS_QUOTED_FOR_TARGET_38)",
					"$(LIBRARY_SEARCH_PATHS_QUOTED_FOR_TARGET_39)",
					"$(LIBRARY_SEARCH_PATHS_QUOTED_FOR_TARGET_40)",
					"$(LIBRARY_SEARCH_PATHS_QUOTED_FOR_TARGET_41)",
					"$(LIBRARY_SEARCH_PATHS_QUOTED_FOR_TARGET_42)",
					"$(LIBRARY_SEARCH_PATHS_QUOTED_FOR_TARGET_43)",
					"$(LIBRARY_SEARCH_PATHS_QUOTED_FOR_TARGET_44)",
					"$(LIBRARY_SEARCH_PATHS_QUOTED_FOR_TARGET_45)",
					"$(LIBRARY_SEARCH_PATHS_QUOTED_FOR_TARGET_46)",
					"$(LIBRARY_SEARCH_PATHS_QUOTED_FOR_TARGET_47)",
					"$(LIBRARY_SEARCH_PATHS_QUOTED_FOR_TARGET_48)",
					"$(LIBRARY_SEARCH_PATHS_QUOTED_FOR_TARGET_49)",
					"$(LIBRARY_SEARCH_PATHS_QUOTED_FOR_TARGET_50)",
					"$(LIBRARY_SEARCH_PATHS_QUOTED_FOR_TARGET_51)",
				);
				PREBINDING = NO;
				PRODUCT_NAME = "$(TARGET_NAME)";
				WRAPPER_EXTENSION = app;
			};
			name = Release;
		};
/* End XCBuildConfiguration section */

/* Begin XCConfigurationList section */
		E4B69B4D0A3A1720003C02F2 /* Build configuration list for PBXProject "MultitouchPadOsc" */ = {
			isa = XCConfigurationList;
			buildConfigurations = (
				E4B69B4E0A3A1720003C02F2 /* Debug */,
				E4B69B4F0A3A1720003C02F2 /* Release */,
			);
			defaultConfigurationIsVisible = 0;
			defaultConfigurationName = Release;
		};
		E4B69B5F0A3A1757003C02F2 /* Build configuration list for PBXNativeTarget "MultitouchPadOsc" */ = {
			isa = XCConfigurationList;
			buildConfigurations = (
				E4B69B600A3A1757003C02F2 /* Debug */,
				E4B69B610A3A1757003C02F2 /* Release */,
			);
			defaultConfigurationIsVisible = 0;
			defaultConfigurationName = Release;
		};
/* End XCConfigurationList section */
	};
	rootObject = E4B69B4C0A3A1720003C02F2 /* Project object */;
}
